
Microsoft Visual Studio Solution File, Format Version 12.00
# Visual Studio Version 16
VisualStudioVersion = 16.0.31424.327
MinimumVisualStudioVersion = 10.0.40219.1
Project("{9A19103F-16F7-4668-BE54-9A1E7A4F7556}") = "MyStream", "MyStream\MyStream.csproj", "{AF705CFC-AE8F-4A68-BB78-95F132583870}"
EndProject
Global
	GlobalSection(SolutionConfigurationPlatforms) = preSolution
		Debug|Any CPU = Debug|Any CPU
		Release|Any CPU = Release|Any CPU
	EndGlobalSection
	GlobalSection(ProjectConfigurationPlatforms) = postSolution
		{AF705CFC-AE8F-4A68-BB78-95F132583870}.Debug|Any CPU.ActiveCfg = Debug|Any CPU
		{AF705CFC-AE8F-4A68-BB78-95F132583870}.Debug|Any CPU.Build.0 = Debug|Any CPU
		{AF705CFC-AE8F-4A68-BB78-95F132583870}.Release|Any CPU.ActiveCfg = Release|Any CPU
		{AF705CFC-AE8F-4A68-BB78-95F132583870}.Release|Any CPU.Build.0 = Release|Any CPU
	EndGlobalSection
	GlobalSection(SolutionProperties) = preSolution
		HideSolutionNode = FALSE
	EndGlobalSection
	GlobalSection(ExtensibilityGlobals) = postSolution
		SolutionGuid = {ED8E82F3-8200-4C2D-BB7F-3FB22350B074}
	EndGlobalSection
EndGlobal
